<?xml version="1.0" encoding="utf-8"?>
<Project ToolsVersion="4.0" xmlns="http://schemas.microsoft.com/developer/msbuild/2003">
  <ItemGroup>
    <Filter Include="Source Files">
      <UniqueIdentifier>{4FC737F1-C7A5-4376-A066-2A32D752A2FF}</UniqueIdentifier>
      <Extensions>cpp;c;cc;cxx;def;odl;idl;hpj;bat;asm;asmx</Extensions>
    </Filter>
    <Filter Include="Header Files">
      <UniqueIdentifier>{93995380-89BD-4b04-88EB-625FBE52EBFB}</UniqueIdentifier>
      <Extensions>h;hh;hpp;hxx;hm;inl;inc;xsd</Extensions>
    </Filter>
    <Filter Include="Resource Files">
      <UniqueIdentifier>{67DA6AB6-F800-4c08-8B7A-83BB121AAD01}</UniqueIdentifier>
      <Extensions>rc;ico;cur;bmp;dlg;rc2;rct;bin;rgs;gif;jpg;jpeg;jpe;resx;tiff;tif;png;wav;mfcribbon-ms</Extensions>
    </Filter>
    <Filter Include="Header Files\MainCharacterObjects">
      <UniqueIdentifier>{845b8a51-46d5-43a0-8869-8788fa8c0170}</UniqueIdentifier>
    </Filter>
    <Filter Include="Source Files\MainCharacterObjects">
      <UniqueIdentifier>{446c1de4-8633-4002-8b82-aa3ae2c10cf0}</UniqueIdentifier>
    </Filter>
    <Filter Include="Header Files\EnemyObjects">
      <UniqueIdentifier>{ca08a942-ac18-4395-b937-83b4b8598942}</UniqueIdentifier>
    </Filter>
    <Filter Include="Source Files\EnemyObjects">
      <UniqueIdentifier>{1c41fddf-29cf-41a6-be75-d903c023adbd}</UniqueIdentifier>
    </Filter>
    <Filter Include="Header Files\Hub">
      <UniqueIdentifier>{b1a3a768-8837-4e24-8077-157d440b4862}</UniqueIdentifier>
    </Filter>
    <Filter Include="Source Files\Hub">
      <UniqueIdentifier>{2da29e54-d4da-454e-bad0-567ec78c2023}</UniqueIdentifier>
    </Filter>
    <Filter Include="Header Files\ItemObjects">
      <UniqueIdentifier>{aa18adc3-cfb9-4bf0-ac8a-40f2333175fb}</UniqueIdentifier>
    </Filter>
    <Filter Include="Source Files\ItemObjects">
      <UniqueIdentifier>{730a5cf7-3068-4db5-bb79-57ad78cecd08}</UniqueIdentifier>
    </Filter>
  </ItemGroup>
  <ItemGroup>
    <ClCompile Include="Brick.cpp">
      <Filter>Source Files</Filter>
    </ClCompile>
    <ClCompile Include="Game.cpp">
      <Filter>Source Files</Filter>
    </ClCompile>
    <ClCompile Include="GameObject.cpp">
      <Filter>Source Files</Filter>
    </ClCompile>
    <ClCompile Include="Goomba.cpp">
      <Filter>Source Files</Filter>
    </ClCompile>
    <ClCompile Include="main.cpp">
      <Filter>Source Files</Filter>
    </ClCompile>
    <ClCompile Include="Mario.cpp">
      <Filter>Source Files</Filter>
    </ClCompile>
    <ClCompile Include="Sprites.cpp">
      <Filter>Source Files</Filter>
    </ClCompile>
    <ClCompile Include="Textures.cpp">
      <Filter>Source Files</Filter>
    </ClCompile>
    <ClCompile Include="Scence.cpp">
      <Filter>Source Files</Filter>
    </ClCompile>
    <ClCompile Include="PlayScence.cpp">
      <Filter>Source Files</Filter>
    </ClCompile>
    <ClCompile Include="Animations.cpp">
      <Filter>Source Files</Filter>
    </ClCompile>
    <ClCompile Include="Utils.cpp">
      <Filter>Source Files</Filter>
    </ClCompile>
    <ClCompile Include="Koopas.cpp">
      <Filter>Source Files</Filter>
    </ClCompile>
    <ClCompile Include="Portal.cpp">
      <Filter>Source Files</Filter>
    </ClCompile>
    <ClCompile Include="Map.cpp">
      <Filter>Source Files</Filter>
    </ClCompile>
    <ClCompile Include="TiledMap.cpp">
      <Filter>Source Files</Filter>
    </ClCompile>
    <ClCompile Include="Grid.cpp">
      <Filter>Source Files</Filter>
    </ClCompile>
    <ClCompile Include="MainCharacter.cpp">
      <Filter>Source Files</Filter>
    </ClCompile>
    <ClCompile Include="WheelObject.cpp">
      <Filter>Source Files\MainCharacterObjects</Filter>
    </ClCompile>
    <ClCompile Include="BarrelObject.cpp">
      <Filter>Source Files\MainCharacterObjects</Filter>
    </ClCompile>
    <ClCompile Include="CabinObject.cpp">
      <Filter>Source Files\MainCharacterObjects</Filter>
    </ClCompile>
    <ClCompile Include="EnemyObject.cpp">
      <Filter>Source Files</Filter>
    </ClCompile>
    <ClCompile Include="EnemyObject1.cpp">
      <Filter>Source Files\EnemyObjects</Filter>
    </ClCompile>
    <ClCompile Include="Weapon.cpp">
      <Filter>Source Files</Filter>
    </ClCompile>
    <ClCompile Include="Worm.cpp">
      <Filter>Source Files\EnemyObjects</Filter>
    </ClCompile>
    <ClCompile Include="Spider.cpp">
      <Filter>Source Files\EnemyObjects</Filter>
    </ClCompile>
    <ClCompile Include="Human.cpp">
      <Filter>Source Files\MainCharacterObjects</Filter>
    </ClCompile>
    <ClCompile Include="Dome.cpp">
      <Filter>Source Files\EnemyObjects</Filter>
    </ClCompile>
    <ClCompile Include="Floater.cpp">
      <Filter>Source Files\EnemyObjects</Filter>
    </ClCompile>
    <ClCompile Include="PowerHub.cpp">
      <Filter>Source Files\Hub</Filter>
    </ClCompile>
    <ClCompile Include="GunHub.cpp">
      <Filter>Source Files\Hub</Filter>
    </ClCompile>
    <ClCompile Include="Cannon.cpp">
      <Filter>Source Files\EnemyObjects</Filter>
    </ClCompile>
    <ClCompile Include="Eyeball.cpp">
      <Filter>Source Files\EnemyObjects</Filter>
    </ClCompile>
    <ClCompile Include="Spike.cpp">
      <Filter>Source Files\ItemObjects</Filter>
    </ClCompile>
  </ItemGroup>
  <ItemGroup>
    <ClInclude Include="Brick.h">
      <Filter>Header Files</Filter>
    </ClInclude>
    <ClInclude Include="Game.h">
      <Filter>Header Files</Filter>
    </ClInclude>
    <ClInclude Include="GameObject.h">
      <Filter>Header Files</Filter>
    </ClInclude>
    <ClInclude Include="Goomba.h">
      <Filter>Header Files</Filter>
    </ClInclude>
    <ClInclude Include="Mario.h">
      <Filter>Header Files</Filter>
    </ClInclude>
    <ClInclude Include="Sprites.h">
      <Filter>Header Files</Filter>
    </ClInclude>
    <ClInclude Include="Textures.h">
      <Filter>Header Files</Filter>
    </ClInclude>
    <ClInclude Include="Scence.h">
      <Filter>Header Files</Filter>
    </ClInclude>
    <ClInclude Include="PlayScence.h">
      <Filter>Header Files</Filter>
    </ClInclude>
    <ClInclude Include="Animations.h">
      <Filter>Header Files</Filter>
    </ClInclude>
    <ClInclude Include="KeyEventHandler.h">
      <Filter>Header Files</Filter>
    </ClInclude>
    <ClInclude Include="Utils.h">
      <Filter>Header Files</Filter>
    </ClInclude>
    <ClInclude Include="Koopas.h">
      <Filter>Header Files</Filter>
    </ClInclude>
    <ClInclude Include="Portal.h">
      <Filter>Header Files</Filter>
    </ClInclude>
    <ClInclude Include="Map.h">
      <Filter>Header Files</Filter>
    </ClInclude>
    <ClInclude Include="TiledMap.h">
      <Filter>Header Files</Filter>
    </ClInclude>
    <ClInclude Include="Grid.h">
      <Filter>Header Files</Filter>
    </ClInclude>
    <ClInclude Include="MainCharacter.h">
      <Filter>Header Files</Filter>
    </ClInclude>
    <ClInclude Include="WheelObject.h">
      <Filter>Header Files\MainCharacterObjects</Filter>
    </ClInclude>
    <ClInclude Include="CabinObject.h">
      <Filter>Header Files\MainCharacterObjects</Filter>
    </ClInclude>
    <ClInclude Include="BarrelObject.h">
      <Filter>Header Files\MainCharacterObjects</Filter>
    </ClInclude>
    <ClInclude Include="EnemyObject.h">
      <Filter>Header Files</Filter>
    </ClInclude>
    <ClInclude Include="EnemyObject1.h">
      <Filter>Header Files\EnemyObjects</Filter>
    </ClInclude>
    <ClInclude Include="Weapon.h">
      <Filter>Header Files</Filter>
    </ClInclude>
    <ClInclude Include="Worm.h">
      <Filter>Header Files\EnemyObjects</Filter>
    </ClInclude>
    <ClInclude Include="Spider.h">
      <Filter>Header Files\EnemyObjects</Filter>
    </ClInclude>
    <ClInclude Include="Human.h">
      <Filter>Header Files\MainCharacterObjects</Filter>
    </ClInclude>
    <ClInclude Include="Dome.h">
      <Filter>Header Files\EnemyObjects</Filter>
    </ClInclude>
    <ClInclude Include="Floater.h">
      <Filter>Header Files\EnemyObjects</Filter>
    </ClInclude>
    <ClInclude Include="PowerHub.h">
      <Filter>Header Files\Hub</Filter>
    </ClInclude>
    <ClInclude Include="GunHub.h">
      <Filter>Header Files\Hub</Filter>
    </ClInclude>
    <ClInclude Include="HovHub.h">
      <Filter>Header Files\Hub</Filter>
    </ClInclude>
    <ClInclude Include="Cannon.h">
      <Filter>Header Files\EnemyObjects</Filter>
    </ClInclude>
    <ClInclude Include="Eyeball.h">
      <Filter>Header Files\EnemyObjects</Filter>
    </ClInclude>
    <ClInclude Include="Spike.h">
      <Filter>Header Files\ItemObjects</Filter>
    </ClInclude>
  </ItemGroup>
</Project>